// !$*UTF8*$!
{
	archiveVersion = 1;
	classes = {
	};
	objectVersion = 46;
	objects = {

/* Begin PBXBuildFile section */
		AC54B5C98CBCAF6B1EAC0DA3 /* libPods-Contextual Menu.a in Frameworks */ = {isa = PBXBuildFile; fileRef = 87247BEFA77E10E4D15054BC /* libPods-Contextual Menu.a */; };
		C4AA66BE1901F4A2005C6927 /* Foundation.framework in Frameworks */ = {isa = PBXBuildFile; fileRef = C4AA66BD1901F4A2005C6927 /* Foundation.framework */; };
		C4AA66C01901F4A2005C6927 /* CoreGraphics.framework in Frameworks */ = {isa = PBXBuildFile; fileRef = C4AA66BF1901F4A2005C6927 /* CoreGraphics.framework */; };
		C4AA66C21901F4A2005C6927 /* UIKit.framework in Frameworks */ = {isa = PBXBuildFile; fileRef = C4AA66C11901F4A2005C6927 /* UIKit.framework */; };
		C4AA66C81901F4A2005C6927 /* InfoPlist.strings in Resources */ = {isa = PBXBuildFile; fileRef = C4AA66C61901F4A2005C6927 /* InfoPlist.strings */; };
		C4AA66CA1901F4A2005C6927 /* main.m in Sources */ = {isa = PBXBuildFile; fileRef = C4AA66C91901F4A2005C6927 /* main.m */; };
		C4AA66CE1901F4A2005C6927 /* AppDelegate.m in Sources */ = {isa = PBXBuildFile; fileRef = C4AA66CD1901F4A2005C6927 /* AppDelegate.m */; };
		C4AA66D01901F4A2005C6927 /* Images.xcassets in Resources */ = {isa = PBXBuildFile; fileRef = C4AA66CF1901F4A2005C6927 /* Images.xcassets */; };
		C4AA66EE1901FBBB005C6927 /* BAMContextualMenuOptionsViewController.m in Sources */ = {isa = PBXBuildFile; fileRef = C4AA66ED1901FBBB005C6927 /* BAMContextualMenuOptionsViewController.m */; };
		C4AA66F1190204A0005C6927 /* UIImage+ImageWithUIView.m in Sources */ = {isa = PBXBuildFile; fileRef = C4AA66F0190204A0005C6927 /* UIImage+ImageWithUIView.m */; };
		C4AA66F419036B35005C6927 /* BAMOptionsButton.m in Sources */ = {isa = PBXBuildFile; fileRef = C4AA66F319036B35005C6927 /* BAMOptionsButton.m */; };
/* End PBXBuildFile section */

/* Begin PBXFileReference section */
		53AB0F25B5DB3EE830E1C056 /* Pods-Contextual Menu.debug.xcconfig */ = {isa = PBXFileReference; includeInIndex = 1; lastKnownFileType = text.xcconfig; name = "Pods-Contextual Menu.debug.xcconfig"; path = "Pods/Target Support Files/Pods-Contextual Menu/Pods-Contextual Menu.debug.xcconfig"; sourceTree = "<group>"; };
		87247BEFA77E10E4D15054BC /* libPods-Contextual Menu.a */ = {isa = PBXFileReference; explicitFileType = archive.ar; includeInIndex = 0; path = "libPods-Contextual Menu.a"; sourceTree = BUILT_PRODUCTS_DIR; };
		C4AA66BA1901F4A2005C6927 /* Contextual Menu.app */ = {isa = PBXFileReference; explicitFileType = wrapper.application; includeInIndex = 0; path = "Contextual Menu.app"; sourceTree = BUILT_PRODUCTS_DIR; };
		C4AA66BD1901F4A2005C6927 /* Foundation.framework */ = {isa = PBXFileReference; lastKnownFileType = wrapper.framework; name = Foundation.framework; path = System/Library/Frameworks/Foundation.framework; sourceTree = SDKROOT; };
		C4AA66BF1901F4A2005C6927 /* CoreGraphics.framework */ = {isa = PBXFileReference; lastKnownFileType = wrapper.framework; name = CoreGraphics.framework; path = System/Library/Frameworks/CoreGraphics.framework; sourceTree = SDKROOT; };
		C4AA66C11901F4A2005C6927 /* UIKit.framework */ = {isa = PBXFileReference; lastKnownFileType = wrapper.framework; name = UIKit.framework; path = System/Library/Frameworks/UIKit.framework; sourceTree = SDKROOT; };
		C4AA66C51901F4A2005C6927 /* Contextual Menu-Info.plist */ = {isa = PBXFileReference; lastKnownFileType = text.plist.xml; path = "Contextual Menu-Info.plist"; sourceTree = "<group>"; };
		C4AA66C71901F4A2005C6927 /* en */ = {isa = PBXFileReference; lastKnownFileType = text.plist.strings; name = en; path = en.lproj/InfoPlist.strings; sourceTree = "<group>"; };
		C4AA66C91901F4A2005C6927 /* main.m */ = {isa = PBXFileReference; lastKnownFileType = sourcecode.c.objc; path = main.m; sourceTree = "<group>"; };
		C4AA66CB1901F4A2005C6927 /* Contextual Menu-Prefix.pch */ = {isa = PBXFileReference; lastKnownFileType = sourcecode.c.h; path = "Contextual Menu-Prefix.pch"; sourceTree = "<group>"; };
		C4AA66CC1901F4A2005C6927 /* AppDelegate.h */ = {isa = PBXFileReference; lastKnownFileType = sourcecode.c.h; path = AppDelegate.h; sourceTree = "<group>"; };
		C4AA66CD1901F4A2005C6927 /* AppDelegate.m */ = {isa = PBXFileReference; lastKnownFileType = sourcecode.c.objc; path = AppDelegate.m; sourceTree = "<group>"; };
		C4AA66CF1901F4A2005C6927 /* Images.xcassets */ = {isa = PBXFileReference; lastKnownFileType = folder.assetcatalog; path = Images.xcassets; sourceTree = "<group>"; };
		C4AA66D61901F4A2005C6927 /* XCTest.framework */ = {isa = PBXFileReference; lastKnownFileType = wrapper.framework; name = XCTest.framework; path = Library/Frameworks/XCTest.framework; sourceTree = DEVELOPER_DIR; };
		C4AA66EC1901FBBB005C6927 /* BAMContextualMenuOptionsViewController.h */ = {isa = PBXFileReference; fileEncoding = 4; lastKnownFileType = sourcecode.c.h; path = BAMContextualMenuOptionsViewController.h; sourceTree = "<group>"; };
		C4AA66ED1901FBBB005C6927 /* BAMContextualMenuOptionsViewController.m */ = {isa = PBXFileReference; fileEncoding = 4; lastKnownFileType = sourcecode.c.objc; path = BAMContextualMenuOptionsViewController.m; sourceTree = "<group>"; };
		C4AA66EF190204A0005C6927 /* UIImage+ImageWithUIView.h */ = {isa = PBXFileReference; fileEncoding = 4; lastKnownFileType = sourcecode.c.h; path = "UIImage+ImageWithUIView.h"; sourceTree = "<group>"; };
		C4AA66F0190204A0005C6927 /* UIImage+ImageWithUIView.m */ = {isa = PBXFileReference; fileEncoding = 4; lastKnownFileType = sourcecode.c.objc; path = "UIImage+ImageWithUIView.m"; sourceTree = "<group>"; };
		C4AA66F219036B35005C6927 /* BAMOptionsButton.h */ = {isa = PBXFileReference; fileEncoding = 4; lastKnownFileType = sourcecode.c.h; path = BAMOptionsButton.h; sourceTree = "<group>"; };
		C4AA66F319036B35005C6927 /* BAMOptionsButton.m */ = {isa = PBXFileReference; fileEncoding = 4; lastKnownFileType = sourcecode.c.objc; path = BAMOptionsButton.m; sourceTree = "<group>"; };
		F6FD1FC3F34E285298146C0C /* Pods-Contextual Menu.release.xcconfig */ = {isa = PBXFileReference; includeInIndex = 1; lastKnownFileType = text.xcconfig; name = "Pods-Contextual Menu.release.xcconfig"; path = "Pods/Target Support Files/Pods-Contextual Menu/Pods-Contextual Menu.release.xcconfig"; sourceTree = "<group>"; };
/* End PBXFileReference section */

/* Begin PBXFrameworksBuildPhase section */
		C4AA66B71901F4A2005C6927 /* Frameworks */ = {
			isa = PBXFrameworksBuildPhase;
			buildActionMask = 2147483647;
			files = (
				C4AA66C01901F4A2005C6927 /* CoreGraphics.framework in Frameworks */,
				C4AA66C21901F4A2005C6927 /* UIKit.framework in Frameworks */,
				C4AA66BE1901F4A2005C6927 /* Foundation.framework in Frameworks */,
				AC54B5C98CBCAF6B1EAC0DA3 /* libPods-Contextual Menu.a in Frameworks */,
			);
			runOnlyForDeploymentPostprocessing = 0;
		};
/* End PBXFrameworksBuildPhase section */

/* Begin PBXGroup section */
		C4AA66B11901F4A2005C6927 = {
			isa = PBXGroup;
			children = (
				C4AA66C31901F4A2005C6927 /* Contextual Menu */,
				C4AA66BC1901F4A2005C6927 /* Frameworks */,
				C4AA66BB1901F4A2005C6927 /* Products */,
				F3023253A70763A203790B31 /* Pods */,
			);
			sourceTree = "<group>";
		};
		C4AA66BB1901F4A2005C6927 /* Products */ = {
			isa = PBXGroup;
			children = (
				C4AA66BA1901F4A2005C6927 /* Contextual Menu.app */,
			);
			name = Products;
			sourceTree = "<group>";
		};
		C4AA66BC1901F4A2005C6927 /* Frameworks */ = {
			isa = PBXGroup;
			children = (
				C4AA66BD1901F4A2005C6927 /* Foundation.framework */,
				C4AA66BF1901F4A2005C6927 /* CoreGraphics.framework */,
				C4AA66C11901F4A2005C6927 /* UIKit.framework */,
				C4AA66D61901F4A2005C6927 /* XCTest.framework */,
				87247BEFA77E10E4D15054BC /* libPods-Contextual Menu.a */,
			);
			name = Frameworks;
			sourceTree = "<group>";
		};
		C4AA66C31901F4A2005C6927 /* Contextual Menu */ = {
			isa = PBXGroup;
			children = (
				C4AA66EF190204A0005C6927 /* UIImage+ImageWithUIView.h */,
				C4AA66F0190204A0005C6927 /* UIImage+ImageWithUIView.m */,
				C4AA66F219036B35005C6927 /* BAMOptionsButton.h */,
				C4AA66F319036B35005C6927 /* BAMOptionsButton.m */,
				C4AA66EC1901FBBB005C6927 /* BAMContextualMenuOptionsViewController.h */,
				C4AA66ED1901FBBB005C6927 /* BAMContextualMenuOptionsViewController.m */,
				C4AA66CC1901F4A2005C6927 /* AppDelegate.h */,
				C4AA66CD1901F4A2005C6927 /* AppDelegate.m */,
				C4AA66CF1901F4A2005C6927 /* Images.xcassets */,
				C4AA66C41901F4A2005C6927 /* Supporting Files */,
			);
			path = "Contextual Menu";
			sourceTree = "<group>";
		};
		C4AA66C41901F4A2005C6927 /* Supporting Files */ = {
			isa = PBXGroup;
			children = (
				C4AA66C51901F4A2005C6927 /* Contextual Menu-Info.plist */,
				C4AA66C61901F4A2005C6927 /* InfoPlist.strings */,
				C4AA66C91901F4A2005C6927 /* main.m */,
				C4AA66CB1901F4A2005C6927 /* Contextual Menu-Prefix.pch */,
			);
			name = "Supporting Files";
			sourceTree = "<group>";
		};
		F3023253A70763A203790B31 /* Pods */ = {
			isa = PBXGroup;
			children = (
				53AB0F25B5DB3EE830E1C056 /* Pods-Contextual Menu.debug.xcconfig */,
				F6FD1FC3F34E285298146C0C /* Pods-Contextual Menu.release.xcconfig */,
			);
			name = Pods;
			sourceTree = "<group>";
		};
/* End PBXGroup section */

/* Begin PBXNativeTarget section */
		C4AA66B91901F4A2005C6927 /* Contextual Menu */ = {
			isa = PBXNativeTarget;
			buildConfigurationList = C4AA66E61901F4A2005C6927 /* Build configuration list for PBXNativeTarget "Contextual Menu" */;
			buildPhases = (
				0AFE54BA2AAF60B4BC73CA26 /* [CP] Check Pods Manifest.lock */,
				C4AA66B61901F4A2005C6927 /* Sources */,
				C4AA66B71901F4A2005C6927 /* Frameworks */,
				C4AA66B81901F4A2005C6927 /* Resources */,
				3DB13E299ED56269B5BD967F /* [CP] Embed Pods Frameworks */,
				F1A86AB3E933D0BE8D63E9F4 /* [CP] Copy Pods Resources */,
			);
			buildRules = (
			);
			dependencies = (
			);
			name = "Contextual Menu";
			productName = "Contextual Menu";
			productReference = C4AA66BA1901F4A2005C6927 /* Contextual Menu.app */;
			productType = "com.apple.product-type.application";
		};
/* End PBXNativeTarget section */

/* Begin PBXProject section */
		C4AA66B21901F4A2005C6927 /* Project object */ = {
			isa = PBXProject;
			attributes = {
				LastUpgradeCheck = 0820;
				ORGANIZATIONNAME = CodeNinja;
			};
			buildConfigurationList = C4AA66B51901F4A2005C6927 /* Build configuration list for PBXProject "Contextual Menu" */;
			compatibilityVersion = "Xcode 3.2";
			developmentRegion = English;
			hasScannedForEncodings = 0;
			knownRegions = (
				en,
			);
			mainGroup = C4AA66B11901F4A2005C6927;
			productRefGroup = C4AA66BB1901F4A2005C6927 /* Products */;
			projectDirPath = "";
			projectRoot = "";
			targets = (
				C4AA66B91901F4A2005C6927 /* Contextual Menu */,
			);
		};
/* End PBXProject section */

/* Begin PBXResourcesBuildPhase section */
		C4AA66B81901F4A2005C6927 /* Resources */ = {
			isa = PBXResourcesBuildPhase;
			buildActionMask = 2147483647;
			files = (
				C4AA66C81901F4A2005C6927 /* InfoPlist.strings in Resources */,
				C4AA66D01901F4A2005C6927 /* Images.xcassets in Resources */,
			);
			runOnlyForDeploymentPostprocessing = 0;
		};
/* End PBXResourcesBuildPhase section */

/* Begin PBXShellScriptBuildPhase section */
		0AFE54BA2AAF60B4BC73CA26 /* [CP] Check Pods Manifest.lock */ = {
			isa = PBXShellScriptBuildPhase;
			buildActionMask = 2147483647;
			files = (
			);
			inputPaths = (
			);
			name = "[CP] Check Pods Manifest.lock";
			outputPaths = (
			);
			runOnlyForDeploymentPostprocessing = 0;
			shellPath = /bin/sh;
			shellScript = "diff \"${PODS_ROOT}/../Podfile.lock\" \"${PODS_ROOT}/Manifest.lock\" > /dev/null\nif [ $? != 0 ] ; then\n    # print error to STDERR\n    echo \"error: The sandbox is not in sync with the Podfile.lock. Run 'pod install' or update your CocoaPods installation.\" >&2\n    exit 1\nfi\n";
			showEnvVarsInLog = 0;
		};
		3DB13E299ED56269B5BD967F /* [CP] Embed Pods Frameworks */ = {
			isa = PBXShellScriptBuildPhase;
			buildActionMask = 2147483647;
			files = (
			);
			inputPaths = (
			);
			name = "[CP] Embed Pods Frameworks";
			outputPaths = (
			);
			runOnlyForDeploymentPostprocessing = 0;
			shellPath = /bin/sh;
			shellScript = "\"${SRCROOT}/Pods/Target Support Files/Pods-Contextual Menu/Pods-Contextual Menu-frameworks.sh\"\n";
			showEnvVarsInLog = 0;
		};
		F1A86AB3E933D0BE8D63E9F4 /* [CP] Copy Pods Resources */ = {
			isa = PBXShellScriptBuildPhase;
			buildActionMask = 2147483647;
			files = (
			);
			inputPaths = (
			);
			name = "[CP] Copy Pods Resources";
			outputPaths = (
			);
			runOnlyForDeploymentPostprocessing = 0;
			shellPath = /bin/sh;
			shellScript = "\"${SRCROOT}/Pods/Target Support Files/Pods-Contextual Menu/Pods-Contextual Menu-resources.sh\"\n";
			showEnvVarsInLog = 0;
		};
/* End PBXShellScriptBuildPhase section */

/* Begin PBXSourcesBuildPhase section */
		C4AA66B61901F4A2005C6927 /* Sources */ = {
			isa = PBXSourcesBuildPhase;
			buildActionMask = 2147483647;
			files = (
				C4AA66F1190204A0005C6927 /* UIImage+ImageWithUIView.m in Sources */,
				C4AA66CE1901F4A2005C6927 /* AppDelegate.m in Sources */,
				C4AA66CA1901F4A2005C6927 /* main.m in Sources */,
				C4AA66EE1901FBBB005C6927 /* BAMContextualMenuOptionsViewController.m in Sources */,
				C4AA66F419036B35005C6927 /* BAMOptionsButton.m in Sources */,
			);
			runOnlyForDeploymentPostprocessing = 0;
		};
/* End PBXSourcesBuildPhase section */

/* Begin PBXVariantGroup section */
		C4AA66C61901F4A2005C6927 /* InfoPlist.strings */ = {
			isa = PBXVariantGroup;
			children = (
				C4AA66C71901F4A2005C6927 /* en */,
			);
			name = InfoPlist.strings;
			sourceTree = "<group>";
		};
/* End PBXVariantGroup section */

/* Begin XCBuildConfiguration section */
		C4AA66E41901F4A2005C6927 /* Debug */ = {
			isa = XCBuildConfiguration;
			buildSettings = {
				ALWAYS_SEARCH_USER_PATHS = NO;
				CLANG_CXX_LANGUAGE_STANDARD = "gnu++0x";
				CLANG_CXX_LIBRARY = "libc++";
				CLANG_ENABLE_MODULES = YES;
				CLANG_ENABLE_OBJC_ARC = YES;
				CLANG_WARN_BOOL_CONVERSION = YES;
				CLANG_WARN_CONSTANT_CONVERSION = YES;
				CLANG_WARN_DIRECT_OBJC_ISA_USAGE = YES_ERROR;
				CLANG_WARN_EMPTY_BODY = YES;
				CLANG_WARN_ENUM_CONVERSION = YES;
				CLANG_WARN_INFINITE_RECURSION = YES;
				CLANG_WARN_INT_CONVERSION = YES;
				CLANG_WARN_OBJC_ROOT_CLASS = YES_ERROR;
				CLANG_WARN_SUSPICIOUS_MOVE = YES;
				CLANG_WARN_UNREACHABLE_CODE = YES;
				CLANG_WARN__DUPLICATE_METHOD_MATCH = YES;
				"CODE_SIGN_IDENTITY[sdk=iphoneos*]" = "iPhone Developer";
				COPY_PHASE_STRIP = NO;
				ENABLE_STRICT_OBJC_MSGSEND = YES;
				ENABLE_TESTABILITY = YES;
				GCC_C_LANGUAGE_STANDARD = gnu99;
				GCC_DYNAMIC_NO_PIC = NO;
				GCC_NO_COMMON_BLOCKS = YES;
				GCC_OPTIMIZATION_LEVEL = 0;
				GCC_PREPROCESSOR_DEFINITIONS = (
					"DEBUG=1",
					"$(inherited)",
				);
				GCC_SYMBOLS_PRIVATE_EXTERN = NO;
				GCC_WARN_64_TO_32_BIT_CONVERSION = YES;
				GCC_WARN_ABOUT_RETURN_TYPE = YES_ERROR;
				GCC_WARN_UNDECLARED_SELECTOR = YES;
				GCC_WARN_UNINITIALIZED_AUTOS = YES_AGGRESSIVE;
				GCC_WARN_UNUSED_FUNCTION = YES;
				GCC_WARN_UNUSED_VARIABLE = YES;
				IPHONEOS_DEPLOYMENT_TARGET = 8.0;
				ONLY_ACTIVE_ARCH = YES;
				SDKROOT = iphoneos;
			};
			name = Debug;
		};
		C4AA66E51901F4A2005C6927 /* Release */ = {
			isa = XCBuildConfiguration;
			buildSettings = {
				ALWAYS_SEARCH_USER_PATHS = NO;
				CLANG_CXX_LANGUAGE_STANDARD = "gnu++0x";
				CLANG_CXX_LIBRARY = "libc++";
				CLANG_ENABLE_MODULES = YES;
				CLANG_ENABLE_OBJC_ARC = YES;
				CLANG_WARN_BOOL_CONVERSION = YES;
				CLANG_WARN_CONSTANT_CONVERSION = YES;
				CLANG_WARN_DIRECT_OBJC_ISA_USAGE = YES_ERROR;
				CLANG_WARN_EMPTY_BODY = YES;
				CLANG_WARN_ENUM_CONVERSION = YES;
				CLANG_WARN_INFINITE_RECURSION = YES;
				CLANG_WARN_INT_CONVERSION = YES;
				CLANG_WARN_OBJC_ROOT_CLASS = YES_ERROR;
				CLANG_WARN_SUSPICIOUS_MOVE = YES;
				CLANG_WARN_UNREACHABLE_CODE = YES;
				CLANG_WARN__DUPLICATE_METHOD_MATCH = YES;
				"CODE_SIGN_IDENTITY[sdk=iphoneos*]" = "iPhone Developer";
				COPY_PHASE_STRIP = YES;
				ENABLE_NS_ASSERTIONS = NO;
				ENABLE_STRICT_OBJC_MSGSEND = YES;
				GCC_C_LANGUAGE_STANDARD = gnu99;
				GCC_NO_COMMON_BLOCKS = YES;
				GCC_WARN_64_TO_32_BIT_CONVERSION = YES;
				GCC_WARN_ABOUT_RETURN_TYPE = YES_ERROR;
				GCC_WARN_UNDECLARED_SELECTOR = YES;
				GCC_WARN_UNINITIALIZED_AUTOS = YES_AGGRESSIVE;
				GCC_WARN_UNUSED_FUNCTION = YES;
				GCC_WARN_UNUSED_VARIABLE = YES;
				IPHONEOS_DEPLOYMENT_TARGET = 8.0;
				SDKROOT = iphoneos;
				VALIDATE_PRODUCT = YES;
			};
			name = Release;
		};
		C4AA66E71901F4A2005C6927 /* Debug */ = {
			isa = XCBuildConfiguration;
			baseConfigurationReference = 53AB0F25B5DB3EE830E1C056 /* Pods-Contextual Menu.debug.xcconfig */;
			buildSettings = {
				ASSETCATALOG_COMPILER_APPICON_NAME = AppIcon;
				ASSETCATALOG_COMPILER_LAUNCHIMAGE_NAME = LaunchImage;
				GCC_PRECOMPILE_PREFIX_HEADER = YES;
				GCC_PREFIX_HEADER = "Contextual Menu/Contextual Menu-Prefix.pch";
				INFOPLIST_FILE = "Contextual Menu/Contextual Menu-Info.plist";
				IPHONEOS_DEPLOYMENT_TARGET = 8.0;
				PRODUCT_BUNDLE_IDENTIFIER = "com.CodeNinja.${PRODUCT_NAME:rfc1034identifier}";
				PRODUCT_NAME = "$(TARGET_NAME)";
				WRAPPER_EXTENSION = app;
			};
			name = Debug;
		};
		C4AA66E81901F4A2005C6927 /* Release */ = {
			isa = XCBuildConfiguration;
			baseConfigurationReference = F6FD1FC3F34E285298146C0C /* Pods-Contextual Menu.release.xcconfig */;
			buildSettings = {
				ASSETCATALOG_COMPILER_APPICON_NAME = AppIcon;
				ASSETCATALOG_COMPILER_LAUNCHIMAGE_NAME = LaunchImage;
				GCC_PRECOMPILE_PREFIX_HEADER = YES;
				GCC_PREFIX_HEADER = "Contextual Menu/Contextual Menu-Prefix.pch";
				INFOPLIST_FILE = "Contextual Menu/Contextual Menu-Info.plist";
				IPHONEOS_DEPLOYMENT_TARGET = 8.0;
				PRODUCT_BUNDLE_IDENTIFIER = "com.CodeNinja.${PRODUCT_NAME:rfc1034identifier}";
				PRODUCT_NAME = "$(TARGET_NAME)";
				WRAPPER_EXTENSION = app;
			};
			name = Release;
		};
/* End XCBuildConfiguration section */

/* Begin XCConfigurationList section */
		C4AA66B51901F4A2005C6927 /* Build configuration list for PBXProject "Contextual Menu" */ = {
			isa = XCConfigurationList;
			buildConfigurations = (
				C4AA66E41901F4A2005C6927 /* Debug */,
				C4AA66E51901F4A2005C6927 /* Release */,
			);
			defaultConfigurationIsVisible = 0;
			defaultConfigurationName = Release;
		};
		C4AA66E61901F4A2005C6927 /* Build configuration list for PBXNativeTarget "Contextual Menu" */ = {
			isa = XCConfigurationList;
			buildConfigurations = (
				C4AA66E71901F4A2005C6927 /* Debug */,
				C4AA66E81901F4A2005C6927 /* Release */,
			);
			defaultConfigurationIsVisible = 0;
			defaultConfigurationName = Release;
		};
/* End XCConfigurationList section */
	};
	rootObject = C4AA66B21901F4A2005C6927 /* Project object */;
}
